{
  "nodes": {
    "home-manager": {
      "inputs": {
        "nixpkgs": [
          "nixpkgs"
        ]
      },
      "locked": {
        "lastModified": 1696446489,
        "narHash": "sha256-xSjMKdNR+q/3hdSPyg/LUMsZT/WIoUi8dcm5zT4SMUQ=",
        "owner": "nix-community",
        "repo": "home-manager",
        "rev": "68f7d8c0fb0bfc67d1916dd7f06288424360d43a",
        "type": "github"
      },
      "original": {
        "owner": "nix-community",
        "repo": "home-manager",
        "type": "github"
      }
    },
    "jovian-nixos": {
      "inputs": {
        "nix-github-actions": "nix-github-actions",
        "nixpkgs": [
          "nixpkgs"
        ]
      },
      "locked": {
        "lastModified": 1696061591,
        "narHash": "sha256-fqbuMDAmLW9d2flWy14+3bvLW/QzLRs++BksXvlDDsE=",
        "owner": "Jovian-Experiments",
        "repo": "Jovian-NixOS",
        "rev": "399187a234cfc9c312f830fc44017beb0106f0d5",
        "type": "github"
      },
      "original": {
        "owner": "Jovian-Experiments",
        "repo": "Jovian-NixOS",
        "type": "github"
      }
    },
    "mobile-nixos": {
      "flake": false,
      "locked": {
        "lastModified": 1675397203,
        "narHash": "sha256-ooFkzSC1vg9VdC8iuT5LrUYCYWPAVaMTWSEJLsLpOeQ=",
        "owner": "puffnfresh",
        "repo": "mobile-nixos",
        "rev": "7445ee32e377961ac729b5be05a556a9d9458db6",
        "type": "github"
      },
      "original": {
        "owner": "puffnfresh",
        "ref": "hydra",
        "repo": "mobile-nixos",
        "type": "github"
      }
    },
    "nix-github-actions": {
      "inputs": {
        "nixpkgs": [
          "jovian-nixos",
          "nixpkgs"
        ]
      },
      "locked": {
        "lastModified": 1690328911,
        "narHash": "sha256-fxtExYk+aGf2YbjeWQ8JY9/n9dwuEt+ma1eUFzF8Jeo=",
        "owner": "zhaofengli",
        "repo": "nix-github-actions",
        "rev": "96df4a39c52f53cb7098b923224d8ce941b64747",
        "type": "github"
      },
      "original": {
        "owner": "zhaofengli",
        "ref": "matrix-name",
        "repo": "nix-github-actions",
        "type": "github"
      }
    },
    "nixpkgs": {
      "locked": {
        "lastModified": 1696501545,
        "narHash": "sha256-HZrdlGl9wDdO7L3nnwQzg6UJwGgYJ7AyHMFEW5EFanA=",
        "owner": "NixOS",
        "repo": "nixpkgs",
        "rev": "c2de65438c7306cc6b8214d805ef657b8b5fcfa9",
        "type": "github"
      },
      "original": {
        "owner": "NixOS",
        "ref": "master",
        "repo": "nixpkgs",
        "type": "github"
      }
    },
    "root": {
      "inputs": {
        "home-manager": "home-manager",
        "jovian-nixos": "jovian-nixos",
        "mobile-nixos": "mobile-nixos",
        "nixpkgs": "nixpkgs"
      }
    }
  },
  "root": "root",
  "version": 7
}
